
Microsoft Visual Studio Solution File, Format Version 12.00
# Visual Studio 2012
Project("{FAE04EC0-301F-11D3-BF4B-00C04F79EFBC}") = "MetroYard", "MetroYard\MetroYard.csproj", "{84BBC3D3-5844-4E2D-AE70-D7021A3E847A}"
EndProject
Project("{FAE04EC0-301F-11D3-BF4B-00C04F79EFBC}") = "MetroYard.Tests", "MetroYard.Tests\MetroYard.Tests.csproj", "{D6D5ECE5-646A-426C-838C-D85C786F8E1B}"
EndProject
Global
	GlobalSection(SolutionConfigurationPlatforms) = preSolution
		Debug|Any CPU = Debug|Any CPU
		Release|Any CPU = Release|Any CPU
	EndGlobalSection
	GlobalSection(ProjectConfigurationPlatforms) = postSolution
		{84BBC3D3-5844-4E2D-AE70-D7021A3E847A}.Debug|Any CPU.ActiveCfg = Debug|Any CPU
		{84BBC3D3-5844-4E2D-AE70-D7021A3E847A}.Debug|Any CPU.Build.0 = Debug|Any CPU
		{84BBC3D3-5844-4E2D-AE70-D7021A3E847A}.Release|Any CPU.ActiveCfg = Release|Any CPU
		{84BBC3D3-5844-4E2D-AE70-D7021A3E847A}.Release|Any CPU.Build.0 = Release|Any CPU
		{D6D5ECE5-646A-426C-838C-D85C786F8E1B}.Debug|Any CPU.ActiveCfg = Debug|Any CPU
		{D6D5ECE5-646A-426C-838C-D85C786F8E1B}.Debug|Any CPU.Build.0 = Debug|Any CPU
		{D6D5ECE5-646A-426C-838C-D85C786F8E1B}.Release|Any CPU.ActiveCfg = Release|Any CPU
		{D6D5ECE5-646A-426C-838C-D85C786F8E1B}.Release|Any CPU.Build.0 = Release|Any CPU
	EndGlobalSection
	GlobalSection(SolutionProperties) = preSolution
		HideSolutionNode = FALSE
	EndGlobalSection
EndGlobal
